
Microsoft Visual Studio Solution File, Format Version 12.00
# Visual Studio Version 17
VisualStudioVersion = 17.11.35208.52
MinimumVisualStudioVersion = 10.0.40219.1
Project("{FAE04EC0-301F-11D3-BF4B-00C04F79EFBC}") = "Blog_Management_API", "Blog_Management_API.csproj", "{420FAD61-8465-4090-9A66-FA91EA3399AA}"
EndProject
Global
	GlobalSection(SolutionConfigurationPlatforms) = preSolution
		Debug|Any CPU = Debug|Any CPU
		Release|Any CPU = Release|Any CPU
	EndGlobalSection
	GlobalSection(ProjectConfigurationPlatforms) = postSolution
		{420FAD61-8465-4090-9A66-FA91EA3399AA}.Debug|Any CPU.ActiveCfg = Debug|Any CPU
		{420FAD61-8465-4090-9A66-FA91EA3399AA}.Debug|Any CPU.Build.0 = Debug|Any CPU
		{420FAD61-8465-4090-9A66-FA91EA3399AA}.Release|Any CPU.ActiveCfg = Release|Any CPU
		{420FAD61-8465-4090-9A66-FA91EA3399AA}.Release|Any CPU.Build.0 = Release|Any CPU
	EndGlobalSection
	GlobalSection(SolutionProperties) = preSolution
		HideSolutionNode = FALSE
	EndGlobalSection
	GlobalSection(ExtensibilityGlobals) = postSolution
		SolutionGuid = {DA800E68-0952-4DFE-B252-69CC7C348226}
	EndGlobalSection
EndGlobal
